
Microsoft Visual Studio Solution File, Format Version 12.00
# Visual Studio Version 16
VisualStudioVersion = 25.0.1704.0
MinimumVisualStudioVersion = 10.0.40219.1
Project("{FAE04EC0-301F-11D3-BF4B-00C04F79EFBC}") = "ProteinApi", "ProteinApi\ProteinApi.csproj", "{DA11134F-50DD-4308-AD57-2E00018FE9CB}"
EndProject
Global
	GlobalSection(SolutionConfigurationPlatforms) = preSolution
		Debug|Any CPU = Debug|Any CPU
		Release|Any CPU = Release|Any CPU
	EndGlobalSection
	GlobalSection(ProjectConfigurationPlatforms) = postSolution
		{DA11134F-50DD-4308-AD57-2E00018FE9CB}.Debug|Any CPU.ActiveCfg = Debug|Any CPU
		{DA11134F-50DD-4308-AD57-2E00018FE9CB}.Debug|Any CPU.Build.0 = Debug|Any CPU
		{DA11134F-50DD-4308-AD57-2E00018FE9CB}.Release|Any CPU.ActiveCfg = Release|Any CPU
		{DA11134F-50DD-4308-AD57-2E00018FE9CB}.Release|Any CPU.Build.0 = Release|Any CPU
	EndGlobalSection
	GlobalSection(SolutionProperties) = preSolution
		HideSolutionNode = FALSE
	EndGlobalSection
	GlobalSection(ExtensibilityGlobals) = postSolution
		SolutionGuid = {A2773D99-F1E4-427A-A30B-18C481E0ED73}
	EndGlobalSection
EndGlobal
